
Microsoft Visual Studio Solution File, Format Version 12.00
# Visual Studio Version 17
VisualStudioVersion = 17.8.34330.188
MinimumVisualStudioVersion = 10.0.40219.1
Project("{FAE04EC0-301F-11D3-BF4B-00C04F79EFBC}") = "AuthServer.Core", "AuthServer.Core\AuthServer.Core.csproj", "{CC178D95-E805-47D1-91FE-091530510B9C}"
EndProject
Project("{FAE04EC0-301F-11D3-BF4B-00C04F79EFBC}") = "AuthServer.Repository", "AuthServer.Repository\AuthServer.Repository.csproj", "{1216460E-F8B7-4499-926A-F30EA5F27799}"
EndProject
Project("{FAE04EC0-301F-11D3-BF4B-00C04F79EFBC}") = "AuthServer.Service", "AuthServer.Service\AuthServer.Service.csproj", "{BE04E587-5406-4C3D-9038-A6316A3D84D8}"
EndProject
Project("{FAE04EC0-301F-11D3-BF4B-00C04F79EFBC}") = "SharedLibrary", "SharedLibrary\SharedLibrary.csproj", "{540184EF-686D-4E1C-A4B7-8ED39C1ECA2C}"
EndProject
Project("{FAE04EC0-301F-11D3-BF4B-00C04F79EFBC}") = "AuthServer.API", "AuthServer.API\AuthServer.API.csproj", "{B9373719-863A-432A-9416-5D8D5D864E3F}"
EndProject
Project("{FAE04EC0-301F-11D3-BF4B-00C04F79EFBC}") = "MiniApp1.API", "MiniApp1.API\MiniApp1.API.csproj", "{A4A2A1C4-7439-4877-8635-52C4C1A92547}"
EndProject
Project("{FAE04EC0-301F-11D3-BF4B-00C04F79EFBC}") = "MiniApp2.API", "MiniApp2.API\MiniApp2.API.csproj", "{5A0C1716-6409-4FFB-8C72-50FFAC4B2009}"
EndProject
Project("{FAE04EC0-301F-11D3-BF4B-00C04F79EFBC}") = "MiniApp3.API", "MiniApp3.API\MiniApp3.API.csproj", "{82A21B6A-5FA1-48A9-9E4E-CD301F91BDBD}"
EndProject
Global
	GlobalSection(SolutionConfigurationPlatforms) = preSolution
		Debug|Any CPU = Debug|Any CPU
		Release|Any CPU = Release|Any CPU
	EndGlobalSection
	GlobalSection(ProjectConfigurationPlatforms) = postSolution
		{CC178D95-E805-47D1-91FE-091530510B9C}.Debug|Any CPU.ActiveCfg = Debug|Any CPU
		{CC178D95-E805-47D1-91FE-091530510B9C}.Debug|Any CPU.Build.0 = Debug|Any CPU
		{CC178D95-E805-47D1-91FE-091530510B9C}.Release|Any CPU.ActiveCfg = Release|Any CPU
		{CC178D95-E805-47D1-91FE-091530510B9C}.Release|Any CPU.Build.0 = Release|Any CPU
		{1216460E-F8B7-4499-926A-F30EA5F27799}.Debug|Any CPU.ActiveCfg = Debug|Any CPU
		{1216460E-F8B7-4499-926A-F30EA5F27799}.Debug|Any CPU.Build.0 = Debug|Any CPU
		{1216460E-F8B7-4499-926A-F30EA5F27799}.Release|Any CPU.ActiveCfg = Release|Any CPU
		{1216460E-F8B7-4499-926A-F30EA5F27799}.Release|Any CPU.Build.0 = Release|Any CPU
		{BE04E587-5406-4C3D-9038-A6316A3D84D8}.Debug|Any CPU.ActiveCfg = Debug|Any CPU
		{BE04E587-5406-4C3D-9038-A6316A3D84D8}.Debug|Any CPU.Build.0 = Debug|Any CPU
		{BE04E587-5406-4C3D-9038-A6316A3D84D8}.Release|Any CPU.ActiveCfg = Release|Any CPU
		{BE04E587-5406-4C3D-9038-A6316A3D84D8}.Release|Any CPU.Build.0 = Release|Any CPU
		{540184EF-686D-4E1C-A4B7-8ED39C1ECA2C}.Debug|Any CPU.ActiveCfg = Debug|Any CPU
		{540184EF-686D-4E1C-A4B7-8ED39C1ECA2C}.Debug|Any CPU.Build.0 = Debug|Any CPU
		{540184EF-686D-4E1C-A4B7-8ED39C1ECA2C}.Release|Any CPU.ActiveCfg = Release|Any CPU
		{540184EF-686D-4E1C-A4B7-8ED39C1ECA2C}.Release|Any CPU.Build.0 = Release|Any CPU
		{B9373719-863A-432A-9416-5D8D5D864E3F}.Debug|Any CPU.ActiveCfg = Debug|Any CPU
		{B9373719-863A-432A-9416-5D8D5D864E3F}.Debug|Any CPU.Build.0 = Debug|Any CPU
		{B9373719-863A-432A-9416-5D8D5D864E3F}.Release|Any CPU.ActiveCfg = Release|Any CPU
		{B9373719-863A-432A-9416-5D8D5D864E3F}.Release|Any CPU.Build.0 = Release|Any CPU
		{A4A2A1C4-7439-4877-8635-52C4C1A92547}.Debug|Any CPU.ActiveCfg = Debug|Any CPU
		{A4A2A1C4-7439-4877-8635-52C4C1A92547}.Debug|Any CPU.Build.0 = Debug|Any CPU
		{A4A2A1C4-7439-4877-8635-52C4C1A92547}.Release|Any CPU.ActiveCfg = Release|Any CPU
		{A4A2A1C4-7439-4877-8635-52C4C1A92547}.Release|Any CPU.Build.0 = Release|Any CPU
		{5A0C1716-6409-4FFB-8C72-50FFAC4B2009}.Debug|Any CPU.ActiveCfg = Debug|Any CPU
		{5A0C1716-6409-4FFB-8C72-50FFAC4B2009}.Debug|Any CPU.Build.0 = Debug|Any CPU
		{5A0C1716-6409-4FFB-8C72-50FFAC4B2009}.Release|Any CPU.ActiveCfg = Release|Any CPU
		{5A0C1716-6409-4FFB-8C72-50FFAC4B2009}.Release|Any CPU.Build.0 = Release|Any CPU
		{82A21B6A-5FA1-48A9-9E4E-CD301F91BDBD}.Debug|Any CPU.ActiveCfg = Debug|Any CPU
		{82A21B6A-5FA1-48A9-9E4E-CD301F91BDBD}.Debug|Any CPU.Build.0 = Debug|Any CPU
		{82A21B6A-5FA1-48A9-9E4E-CD301F91BDBD}.Release|Any CPU.ActiveCfg = Release|Any CPU
		{82A21B6A-5FA1-48A9-9E4E-CD301F91BDBD}.Release|Any CPU.Build.0 = Release|Any CPU
	EndGlobalSection
	GlobalSection(SolutionProperties) = preSolution
		HideSolutionNode = FALSE
	EndGlobalSection
	GlobalSection(ExtensibilityGlobals) = postSolution
		SolutionGuid = {EFC3F2FB-7A8A-4CAB-9526-B5CD7BDB87A8}
	EndGlobalSection
EndGlobal
